// !$*UTF8*$!
{
	archiveVersion = 1;
	classes = {
	};
	objectVersion = 48;
	objects = {

/* Begin PBXBuildFile section */
		04D453D01FFDABF6002AFC70 /* AppDelegate.swift in Sources */ = {isa = PBXBuildFile; fileRef = 04D453CF1FFDABF6002AFC70 /* AppDelegate.swift */; };
		04D453D21FFDABF6002AFC70 /* ViewController.swift in Sources */ = {isa = PBXBuildFile; fileRef = 04D453D11FFDABF6002AFC70 /* ViewController.swift */; };
		04D453D51FFDABF6002AFC70 /* Main.storyboard in Resources */ = {isa = PBXBuildFile; fileRef = 04D453D31FFDABF6002AFC70 /* Main.storyboard */; };
		04D453D71FFDABF6002AFC70 /* Assets.xcassets in Resources */ = {isa = PBXBuildFile; fileRef = 04D453D61FFDABF6002AFC70 /* Assets.xcassets */; };
		04D453DA1FFDABF6002AFC70 /* LaunchScreen.storyboard in Resources */ = {isa = PBXBuildFile; fileRef = 04D453D81FFDABF6002AFC70 /* LaunchScreen.storyboard */; };
		04D453E51FFDABF6002AFC70 /* KifAlertFailureDemoTests.swift in Sources */ = {isa = PBXBuildFile; fileRef = 04D453E41FFDABF6002AFC70 /* KifAlertFailureDemoTests.swift */; };
		04D453F11FFDADA6002AFC70 /* LandscapeVC.swift in Sources */ = {isa = PBXBuildFile; fileRef = 04D453F01FFDADA6002AFC70 /* LandscapeVC.swift */; };
		44A083CDB69EF49103649324 /* Pods_KifAlertFailureDemoTests.framework in Frameworks */ = {isa = PBXBuildFile; fileRef = 2EB10A2E84B903B9F185F501 /* Pods_KifAlertFailureDemoTests.framework */; };
		D69BAA4FB4B33DD0F2FC0E62 /* Pods_KifAlertFailureDemo.framework in Frameworks */ = {isa = PBXBuildFile; fileRef = FE125857FDDCEB04CA5CF970 /* Pods_KifAlertFailureDemo.framework */; };
/* End PBXBuildFile section */

/* Begin PBXContainerItemProxy section */
		04D453E11FFDABF6002AFC70 /* PBXContainerItemProxy */ = {
			isa = PBXContainerItemProxy;
			containerPortal = 04D453C41FFDABF6002AFC70 /* Project object */;
			proxyType = 1;
			remoteGlobalIDString = 04D453CB1FFDABF6002AFC70;
			remoteInfo = KifAlertFailureDemo;
		};
/* End PBXContainerItemProxy section */

/* Begin PBXFileReference section */
		04D453CC1FFDABF6002AFC70 /* KifAlertFailureDemo.app */ = {isa = PBXFileReference; explicitFileType = wrapper.application; includeInIndex = 0; path = KifAlertFailureDemo.app; sourceTree = BUILT_PRODUCTS_DIR; };
		04D453CF1FFDABF6002AFC70 /* AppDelegate.swift */ = {isa = PBXFileReference; lastKnownFileType = sourcecode.swift; path = AppDelegate.swift; sourceTree = "<group>"; };
		04D453D11FFDABF6002AFC70 /* ViewController.swift */ = {isa = PBXFileReference; lastKnownFileType = sourcecode.swift; path = ViewController.swift; sourceTree = "<group>"; };
		04D453D41FFDABF6002AFC70 /* Base */ = {isa = PBXFileReference; lastKnownFileType = file.storyboard; name = Base; path = Base.lproj/Main.storyboard; sourceTree = "<group>"; };
		04D453D61FFDABF6002AFC70 /* Assets.xcassets */ = {isa = PBXFileReference; lastKnownFileType = folder.assetcatalog; path = Assets.xcassets; sourceTree = "<group>"; };
		04D453D91FFDABF6002AFC70 /* Base */ = {isa = PBXFileReference; lastKnownFileType = file.storyboard; name = Base; path = Base.lproj/LaunchScreen.storyboard; sourceTree = "<group>"; };
		04D453DB1FFDABF6002AFC70 /* Info.plist */ = {isa = PBXFileReference; lastKnownFileType = text.plist.xml; path = Info.plist; sourceTree = "<group>"; };
		04D453E01FFDABF6002AFC70 /* KifAlertFailureDemoTests.xctest */ = {isa = PBXFileReference; explicitFileType = wrapper.cfbundle; includeInIndex = 0; path = KifAlertFailureDemoTests.xctest; sourceTree = BUILT_PRODUCTS_DIR; };
		04D453E41FFDABF6002AFC70 /* KifAlertFailureDemoTests.swift */ = {isa = PBXFileReference; lastKnownFileType = sourcecode.swift; path = KifAlertFailureDemoTests.swift; sourceTree = "<group>"; };
		04D453E61FFDABF6002AFC70 /* Info.plist */ = {isa = PBXFileReference; lastKnownFileType = text.plist.xml; path = Info.plist; sourceTree = "<group>"; };
		04D453EF1FFDAD52002AFC70 /* KifAlertFailureDemoTests-Bridging-Header.h */ = {isa = PBXFileReference; lastKnownFileType = sourcecode.c.h; path = "KifAlertFailureDemoTests-Bridging-Header.h"; sourceTree = "<group>"; };
		04D453F01FFDADA6002AFC70 /* LandscapeVC.swift */ = {isa = PBXFileReference; lastKnownFileType = sourcecode.swift; path = LandscapeVC.swift; sourceTree = "<group>"; };
		2EB10A2E84B903B9F185F501 /* Pods_KifAlertFailureDemoTests.framework */ = {isa = PBXFileReference; explicitFileType = wrapper.framework; includeInIndex = 0; path = Pods_KifAlertFailureDemoTests.framework; sourceTree = BUILT_PRODUCTS_DIR; };
		4382730FB6D5B297118363FE /* Pods-KifAlertFailureDemoTests.release.xcconfig */ = {isa = PBXFileReference; includeInIndex = 1; lastKnownFileType = text.xcconfig; name = "Pods-KifAlertFailureDemoTests.release.xcconfig"; path = "Pods/Target Support Files/Pods-KifAlertFailureDemoTests/Pods-KifAlertFailureDemoTests.release.xcconfig"; sourceTree = "<group>"; };
		5E887234BF11AA052702BC3D /* Pods-KifAlertFailureDemo.release.xcconfig */ = {isa = PBXFileReference; includeInIndex = 1; lastKnownFileType = text.xcconfig; name = "Pods-KifAlertFailureDemo.release.xcconfig"; path = "Pods/Target Support Files/Pods-KifAlertFailureDemo/Pods-KifAlertFailureDemo.release.xcconfig"; sourceTree = "<group>"; };
		5F3F13EDF62DFD0C8C317287 /* Pods-KifAlertFailureDemo.debug.xcconfig */ = {isa = PBXFileReference; includeInIndex = 1; lastKnownFileType = text.xcconfig; name = "Pods-KifAlertFailureDemo.debug.xcconfig"; path = "Pods/Target Support Files/Pods-KifAlertFailureDemo/Pods-KifAlertFailureDemo.debug.xcconfig"; sourceTree = "<group>"; };
		9E88258E1C15ABEC0343D134 /* Pods-KifAlertFailureDemoTests.debug.xcconfig */ = {isa = PBXFileReference; includeInIndex = 1; lastKnownFileType = text.xcconfig; name = "Pods-KifAlertFailureDemoTests.debug.xcconfig"; path = "Pods/Target Support Files/Pods-KifAlertFailureDemoTests/Pods-KifAlertFailureDemoTests.debug.xcconfig"; sourceTree = "<group>"; };
		FE125857FDDCEB04CA5CF970 /* Pods_KifAlertFailureDemo.framework */ = {isa = PBXFileReference; explicitFileType = wrapper.framework; includeInIndex = 0; path = Pods_KifAlertFailureDemo.framework; sourceTree = BUILT_PRODUCTS_DIR; };
/* End PBXFileReference section */

/* Begin PBXFrameworksBuildPhase section */
		04D453C91FFDABF6002AFC70 /* Frameworks */ = {
			isa = PBXFrameworksBuildPhase;
			buildActionMask = 2147483647;
			files = (
				D69BAA4FB4B33DD0F2FC0E62 /* Pods_KifAlertFailureDemo.framework in Frameworks */,
			);
			runOnlyForDeploymentPostprocessing = 0;
		};
		04D453DD1FFDABF6002AFC70 /* Frameworks */ = {
			isa = PBXFrameworksBuildPhase;
			buildActionMask = 2147483647;
			files = (
				44A083CDB69EF49103649324 /* Pods_KifAlertFailureDemoTests.framework in Frameworks */,
			);
			runOnlyForDeploymentPostprocessing = 0;
		};
/* End PBXFrameworksBuildPhase section */

/* Begin PBXGroup section */
		04D453C31FFDABF6002AFC70 = {
			isa = PBXGroup;
			children = (
				04D453CE1FFDABF6002AFC70 /* KifAlertFailureDemo */,
				04D453E31FFDABF6002AFC70 /* KifAlertFailureDemoTests */,
				04D453CD1FFDABF6002AFC70 /* Products */,
				949FEE2A58D7960E56F4C4AB /* Pods */,
				798D71FAD508A0CFD66D2D87 /* Frameworks */,
			);
			sourceTree = "<group>";
		};
		04D453CD1FFDABF6002AFC70 /* Products */ = {
			isa = PBXGroup;
			children = (
				04D453CC1FFDABF6002AFC70 /* KifAlertFailureDemo.app */,
				04D453E01FFDABF6002AFC70 /* KifAlertFailureDemoTests.xctest */,
			);
			name = Products;
			sourceTree = "<group>";
		};
		04D453CE1FFDABF6002AFC70 /* KifAlertFailureDemo */ = {
			isa = PBXGroup;
			children = (
				04D453CF1FFDABF6002AFC70 /* AppDelegate.swift */,
				04D453D11FFDABF6002AFC70 /* ViewController.swift */,
				04D453F01FFDADA6002AFC70 /* LandscapeVC.swift */,
				04D453D31FFDABF6002AFC70 /* Main.storyboard */,
				04D453D61FFDABF6002AFC70 /* Assets.xcassets */,
				04D453D81FFDABF6002AFC70 /* LaunchScreen.storyboard */,
				04D453DB1FFDABF6002AFC70 /* Info.plist */,
			);
			path = KifAlertFailureDemo;
			sourceTree = "<group>";
		};
		04D453E31FFDABF6002AFC70 /* KifAlertFailureDemoTests */ = {
			isa = PBXGroup;
			children = (
				04D453E41FFDABF6002AFC70 /* KifAlertFailureDemoTests.swift */,
				04D453EF1FFDAD52002AFC70 /* KifAlertFailureDemoTests-Bridging-Header.h */,
				04D453E61FFDABF6002AFC70 /* Info.plist */,
			);
			path = KifAlertFailureDemoTests;
			sourceTree = "<group>";
		};
		798D71FAD508A0CFD66D2D87 /* Frameworks */ = {
			isa = PBXGroup;
			children = (
				FE125857FDDCEB04CA5CF970 /* Pods_KifAlertFailureDemo.framework */,
				2EB10A2E84B903B9F185F501 /* Pods_KifAlertFailureDemoTests.framework */,
			);
			name = Frameworks;
			sourceTree = "<group>";
		};
		949FEE2A58D7960E56F4C4AB /* Pods */ = {
			isa = PBXGroup;
			children = (
				5F3F13EDF62DFD0C8C317287 /* Pods-KifAlertFailureDemo.debug.xcconfig */,
				5E887234BF11AA052702BC3D /* Pods-KifAlertFailureDemo.release.xcconfig */,
				9E88258E1C15ABEC0343D134 /* Pods-KifAlertFailureDemoTests.debug.xcconfig */,
				4382730FB6D5B297118363FE /* Pods-KifAlertFailureDemoTests.release.xcconfig */,
			);
			name = Pods;
			sourceTree = "<group>";
		};
/* End PBXGroup section */

/* Begin PBXNativeTarget section */
		04D453CB1FFDABF6002AFC70 /* KifAlertFailureDemo */ = {
			isa = PBXNativeTarget;
			buildConfigurationList = 04D453E91FFDABF6002AFC70 /* Build configuration list for PBXNativeTarget "KifAlertFailureDemo" */;
			buildPhases = (
				E8C6C59BFC570132B3F7D205 /* [CP] Check Pods Manifest.lock */,
				04D453C81FFDABF6002AFC70 /* Sources */,
				04D453C91FFDABF6002AFC70 /* Frameworks */,
				04D453CA1FFDABF6002AFC70 /* Resources */,
				41BAE43C4129E73FF5B4AF72 /* [CP] Embed Pods Frameworks */,
				CD3749BB7CEA7F0846A0B9B1 /* [CP] Copy Pods Resources */,
			);
			buildRules = (
			);
			dependencies = (
			);
			name = KifAlertFailureDemo;
			productName = KifAlertFailureDemo;
			productReference = 04D453CC1FFDABF6002AFC70 /* KifAlertFailureDemo.app */;
			productType = "com.apple.product-type.application";
		};
		04D453DF1FFDABF6002AFC70 /* KifAlertFailureDemoTests */ = {
			isa = PBXNativeTarget;
			buildConfigurationList = 04D453EC1FFDABF6002AFC70 /* Build configuration list for PBXNativeTarget "KifAlertFailureDemoTests" */;
			buildPhases = (
				7599DC53F3C1FFDDD3227A6D /* [CP] Check Pods Manifest.lock */,
				04D453DC1FFDABF6002AFC70 /* Sources */,
				04D453DD1FFDABF6002AFC70 /* Frameworks */,
				04D453DE1FFDABF6002AFC70 /* Resources */,
				2819A1F6EB3B569AA3441EB7 /* [CP] Embed Pods Frameworks */,
				01E026CFAE1BBEB8D9C1A8CF /* [CP] Copy Pods Resources */,
			);
			buildRules = (
			);
			dependencies = (
				04D453E21FFDABF6002AFC70 /* PBXTargetDependency */,
			);
			name = KifAlertFailureDemoTests;
			productName = KifAlertFailureDemoTests;
			productReference = 04D453E01FFDABF6002AFC70 /* KifAlertFailureDemoTests.xctest */;
			productType = "com.apple.product-type.bundle.unit-test";
		};
/* End PBXNativeTarget section */

/* Begin PBXProject section */
		04D453C41FFDABF6002AFC70 /* Project object */ = {
			isa = PBXProject;
			attributes = {
				LastSwiftUpdateCheck = 0910;
				LastUpgradeCheck = 0910;
				ORGANIZATIONNAME = "Capital One";
				TargetAttributes = {
					04D453CB1FFDABF6002AFC70 = {
						CreatedOnToolsVersion = 9.1;
						ProvisioningStyle = Automatic;
					};
					04D453DF1FFDABF6002AFC70 = {
						CreatedOnToolsVersion = 9.1;
						ProvisioningStyle = Automatic;
						TestTargetID = 04D453CB1FFDABF6002AFC70;
					};
				};
			};
			buildConfigurationList = 04D453C71FFDABF6002AFC70 /* Build configuration list for PBXProject "KifAlertFailureDemo" */;
			compatibilityVersion = "Xcode 8.0";
			developmentRegion = en;
			hasScannedForEncodings = 0;
			knownRegions = (
				en,
				Base,
			);
			mainGroup = 04D453C31FFDABF6002AFC70;
			productRefGroup = 04D453CD1FFDABF6002AFC70 /* Products */;
			projectDirPath = "";
			projectRoot = "";
			targets = (
				04D453CB1FFDABF6002AFC70 /* KifAlertFailureDemo */,
				04D453DF1FFDABF6002AFC70 /* KifAlertFailureDemoTests */,
			);
		};
/* End PBXProject section */

/* Begin PBXResourcesBuildPhase section */
		04D453CA1FFDABF6002AFC70 /* Resources */ = {
			isa = PBXResourcesBuildPhase;
			buildActionMask = 2147483647;
			files = (
				04D453DA1FFDABF6002AFC70 /* LaunchScreen.storyboard in Resources */,
				04D453D71FFDABF6002AFC70 /* Assets.xcassets in Resources */,
				04D453D51FFDABF6002AFC70 /* Main.storyboard in Resources */,
			);
			runOnlyForDeploymentPostprocessing = 0;
		};
		04D453DE1FFDABF6002AFC70 /* Resources */ = {
			isa = PBXResourcesBuildPhase;
			buildActionMask = 2147483647;
			files = (
			);
			runOnlyForDeploymentPostprocessing = 0;
		};
/* End PBXResourcesBuildPhase section */

/* Begin PBXShellScriptBuildPhase section */
		01E026CFAE1BBEB8D9C1A8CF /* [CP] Copy Pods Resources */ = {
			isa = PBXShellScriptBuildPhase;
			buildActionMask = 2147483647;
			files = (
			);
			inputPaths = (
			);
			name = "[CP] Copy Pods Resources";
			outputPaths = (
			);
			runOnlyForDeploymentPostprocessing = 0;
			shellPath = /bin/sh;
			shellScript = "\"${SRCROOT}/Pods/Target Support Files/Pods-KifAlertFailureDemoTests/Pods-KifAlertFailureDemoTests-resources.sh\"\n";
			showEnvVarsInLog = 0;
		};
		2819A1F6EB3B569AA3441EB7 /* [CP] Embed Pods Frameworks */ = {
			isa = PBXShellScriptBuildPhase;
			buildActionMask = 2147483647;
			files = (
			);
			inputPaths = (
				"${SRCROOT}/Pods/Target Support Files/Pods-KifAlertFailureDemoTests/Pods-KifAlertFailureDemoTests-frameworks.sh",
				"${BUILT_PRODUCTS_DIR}/KIF/KIF.framework",
			);
			name = "[CP] Embed Pods Frameworks";
			outputPaths = (
				"${TARGET_BUILD_DIR}/${FRAMEWORKS_FOLDER_PATH}/KIF.framework",
			);
			runOnlyForDeploymentPostprocessing = 0;
			shellPath = /bin/sh;
			shellScript = "\"${SRCROOT}/Pods/Target Support Files/Pods-KifAlertFailureDemoTests/Pods-KifAlertFailureDemoTests-frameworks.sh\"\n";
			showEnvVarsInLog = 0;
		};
		41BAE43C4129E73FF5B4AF72 /* [CP] Embed Pods Frameworks */ = {
			isa = PBXShellScriptBuildPhase;
			buildActionMask = 2147483647;
			files = (
			);
			inputPaths = (
			);
			name = "[CP] Embed Pods Frameworks";
			outputPaths = (
			);
			runOnlyForDeploymentPostprocessing = 0;
			shellPath = /bin/sh;
			shellScript = "\"${SRCROOT}/Pods/Target Support Files/Pods-KifAlertFailureDemo/Pods-KifAlertFailureDemo-frameworks.sh\"\n";
			showEnvVarsInLog = 0;
		};
		7599DC53F3C1FFDDD3227A6D /* [CP] Check Pods Manifest.lock */ = {
			isa = PBXShellScriptBuildPhase;
			buildActionMask = 2147483647;
			files = (
			);
			inputPaths = (
				"${PODS_PODFILE_DIR_PATH}/Podfile.lock",
				"${PODS_ROOT}/Manifest.lock",
			);
			name = "[CP] Check Pods Manifest.lock";
			outputPaths = (
				"$(DERIVED_FILE_DIR)/Pods-KifAlertFailureDemoTests-checkManifestLockResult.txt",
			);
			runOnlyForDeploymentPostprocessing = 0;
			shellPath = /bin/sh;
			shellScript = "diff \"${PODS_PODFILE_DIR_PATH}/Podfile.lock\" \"${PODS_ROOT}/Manifest.lock\" > /dev/null\nif [ $? != 0 ] ; then\n    # print error to STDERR\n    echo \"error: The sandbox is not in sync with the Podfile.lock. Run 'pod install' or update your CocoaPods installation.\" >&2\n    exit 1\nfi\n# This output is used by Xcode 'outputs' to avoid re-running this script phase.\necho \"SUCCESS\" > \"${SCRIPT_OUTPUT_FILE_0}\"\n";
			showEnvVarsInLog = 0;
		};
		CD3749BB7CEA7F0846A0B9B1 /* [CP] Copy Pods Resources */ = {
			isa = PBXShellScriptBuildPhase;
			buildActionMask = 2147483647;
			files = (
			);
			inputPaths = (
			);
			name = "[CP] Copy Pods Resources";
			outputPaths = (
			);
			runOnlyForDeploymentPostprocessing = 0;
			shellPath = /bin/sh;
			shellScript = "\"${SRCROOT}/Pods/Target Support Files/Pods-KifAlertFailureDemo/Pods-KifAlertFailureDemo-resources.sh\"\n";
			showEnvVarsInLog = 0;
		};
		E8C6C59BFC570132B3F7D205 /* [CP] Check Pods Manifest.lock */ = {
			isa = PBXShellScriptBuildPhase;
			buildActionMask = 2147483647;
			files = (
			);
			inputPaths = (
				"${PODS_PODFILE_DIR_PATH}/Podfile.lock",
				"${PODS_ROOT}/Manifest.lock",
			);
			name = "[CP] Check Pods Manifest.lock";
			outputPaths = (
				"$(DERIVED_FILE_DIR)/Pods-KifAlertFailureDemo-checkManifestLockResult.txt",
			);
			runOnlyForDeploymentPostprocessing = 0;
			shellPath = /bin/sh;
			shellScript = "diff \"${PODS_PODFILE_DIR_PATH}/Podfile.lock\" \"${PODS_ROOT}/Manifest.lock\" > /dev/null\nif [ $? != 0 ] ; then\n    # print error to STDERR\n    echo \"error: The sandbox is not in sync with the Podfile.lock. Run 'pod install' or update your CocoaPods installation.\" >&2\n    exit 1\nfi\n# This output is used by Xcode 'outputs' to avoid re-running this script phase.\necho \"SUCCESS\" > \"${SCRIPT_OUTPUT_FILE_0}\"\n";
			showEnvVarsInLog = 0;
		};
/* End PBXShellScriptBuildPhase section */

/* Begin PBXSourcesBuildPhase section */
		04D453C81FFDABF6002AFC70 /* Sources */ = {
			isa = PBXSourcesBuildPhase;
			buildActionMask = 2147483647;
			files = (
				04D453D21FFDABF6002AFC70 /* ViewController.swift in Sources */,
				04D453D01FFDABF6002AFC70 /* AppDelegate.swift in Sources */,
				04D453F11FFDADA6002AFC70 /* LandscapeVC.swift in Sources */,
			);
			runOnlyForDeploymentPostprocessing = 0;
		};
		04D453DC1FFDABF6002AFC70 /* Sources */ = {
			isa = PBXSourcesBuildPhase;
			buildActionMask = 2147483647;
			files = (
				04D453E51FFDABF6002AFC70 /* KifAlertFailureDemoTests.swift in Sources */,
			);
			runOnlyForDeploymentPostprocessing = 0;
		};
/* End PBXSourcesBuildPhase section */

/* Begin PBXTargetDependency section */
		04D453E21FFDABF6002AFC70 /* PBXTargetDependency */ = {
			isa = PBXTargetDependency;
			target = 04D453CB1FFDABF6002AFC70 /* KifAlertFailureDemo */;
			targetProxy = 04D453E11FFDABF6002AFC70 /* PBXContainerItemProxy */;
		};
/* End PBXTargetDependency section */

/* Begin PBXVariantGroup section */
		04D453D31FFDABF6002AFC70 /* Main.storyboard */ = {
			isa = PBXVariantGroup;
			children = (
				04D453D41FFDABF6002AFC70 /* Base */,
			);
			name = Main.storyboard;
			sourceTree = "<group>";
		};
		04D453D81FFDABF6002AFC70 /* LaunchScreen.storyboard */ = {
			isa = PBXVariantGroup;
			children = (
				04D453D91FFDABF6002AFC70 /* Base */,
			);
			name = LaunchScreen.storyboard;
			sourceTree = "<group>";
		};
/* End PBXVariantGroup section */

/* Begin XCBuildConfiguration section */
		04D453E71FFDABF6002AFC70 /* Debug */ = {
			isa = XCBuildConfiguration;
			buildSettings = {
				ALWAYS_SEARCH_USER_PATHS = NO;
				CLANG_ANALYZER_NONNULL = YES;
				CLANG_ANALYZER_NUMBER_OBJECT_CONVERSION = YES_AGGRESSIVE;
				CLANG_CXX_LANGUAGE_STANDARD = "gnu++14";
				CLANG_CXX_LIBRARY = "libc++";
				CLANG_ENABLE_MODULES = YES;
				CLANG_ENABLE_OBJC_ARC = YES;
				CLANG_WARN_BLOCK_CAPTURE_AUTORELEASING = YES;
				CLANG_WARN_BOOL_CONVERSION = YES;
				CLANG_WARN_COMMA = YES;
				CLANG_WARN_CONSTANT_CONVERSION = YES;
				CLANG_WARN_DIRECT_OBJC_ISA_USAGE = YES_ERROR;
				CLANG_WARN_DOCUMENTATION_COMMENTS = YES;
				CLANG_WARN_EMPTY_BODY = YES;
				CLANG_WARN_ENUM_CONVERSION = YES;
				CLANG_WARN_INFINITE_RECURSION = YES;
				CLANG_WARN_INT_CONVERSION = YES;
				CLANG_WARN_NON_LITERAL_NULL_CONVERSION = YES;
				CLANG_WARN_OBJC_LITERAL_CONVERSION = YES;
				CLANG_WARN_OBJC_ROOT_CLASS = YES_ERROR;
				CLANG_WARN_RANGE_LOOP_ANALYSIS = YES;
				CLANG_WARN_STRICT_PROTOTYPES = YES;
				CLANG_WARN_SUSPICIOUS_MOVE = YES;
				CLANG_WARN_UNGUARDED_AVAILABILITY = YES_AGGRESSIVE;
				CLANG_WARN_UNREACHABLE_CODE = YES;
				CLANG_WARN__DUPLICATE_METHOD_MATCH = YES;
				CODE_SIGN_IDENTITY = "iPhone Developer";
				COPY_PHASE_STRIP = NO;
				DEBUG_INFORMATION_FORMAT = dwarf;
				ENABLE_STRICT_OBJC_MSGSEND = YES;
				ENABLE_TESTABILITY = YES;
				GCC_C_LANGUAGE_STANDARD = gnu11;
				GCC_DYNAMIC_NO_PIC = NO;
				GCC_NO_COMMON_BLOCKS = YES;
				GCC_OPTIMIZATION_LEVEL = 0;
				GCC_PREPROCESSOR_DEFINITIONS = (
					"DEBUG=1",
					"$(inherited)",
				);
				GCC_WARN_64_TO_32_BIT_CONVERSION = YES;
				GCC_WARN_ABOUT_RETURN_TYPE = YES_ERROR;
				GCC_WARN_UNDECLARED_SELECTOR = YES;
				GCC_WARN_UNINITIALIZED_AUTOS = YES_AGGRESSIVE;
				GCC_WARN_UNUSED_FUNCTION = YES;
				GCC_WARN_UNUSED_VARIABLE = YES;
				IPHONEOS_DEPLOYMENT_TARGET = 11.1;
				MTL_ENABLE_DEBUG_INFO = YES;
				ONLY_ACTIVE_ARCH = YES;
				SDKROOT = iphoneos;
				SWIFT_ACTIVE_COMPILATION_CONDITIONS = DEBUG;
				SWIFT_OPTIMIZATION_LEVEL = "-Onone";
			};
			name = Debug;
		};
		04D453E81FFDABF6002AFC70 /* Release */ = {
			isa = XCBuildConfiguration;
			buildSettings = {
				ALWAYS_SEARCH_USER_PATHS = NO;
				CLANG_ANALYZER_NONNULL = YES;
				CLANG_ANALYZER_NUMBER_OBJECT_CONVERSION = YES_AGGRESSIVE;
				CLANG_CXX_LANGUAGE_STANDARD = "gnu++14";
				CLANG_CXX_LIBRARY = "libc++";
				CLANG_ENABLE_MODULES = YES;
				CLANG_ENABLE_OBJC_ARC = YES;
				CLANG_WARN_BLOCK_CAPTURE_AUTORELEASING = YES;
				CLANG_WARN_BOOL_CONVERSION = YES;
				CLANG_WARN_COMMA = YES;
				CLANG_WARN_CONSTANT_CONVERSION = YES;
				CLANG_WARN_DIRECT_OBJC_ISA_USAGE = YES_ERROR;
				CLANG_WARN_DOCUMENTATION_COMMENTS = YES;
				CLANG_WARN_EMPTY_BODY = YES;
				CLANG_WARN_ENUM_CONVERSION = YES;
				CLANG_WARN_INFINITE_RECURSION = YES;
				CLANG_WARN_INT_CONVERSION = YES;
				CLANG_WARN_NON_LITERAL_NULL_CONVERSION = YES;
				CLANG_WARN_OBJC_LITERAL_CONVERSION = YES;
				CLANG_WARN_OBJC_ROOT_CLASS = YES_ERROR;
				CLANG_WARN_RANGE_LOOP_ANALYSIS = YES;
				CLANG_WARN_STRICT_PROTOTYPES = YES;
				CLANG_WARN_SUSPICIOUS_MOVE = YES;
				CLANG_WARN_UNGUARDED_AVAILABILITY = YES_AGGRESSIVE;
				CLANG_WARN_UNREACHABLE_CODE = YES;
				CLANG_WARN__DUPLICATE_METHOD_MATCH = YES;
				CODE_SIGN_IDENTITY = "iPhone Developer";
				COPY_PHASE_STRIP = NO;
				DEBUG_INFORMATION_FORMAT = "dwarf-with-dsym";
				ENABLE_NS_ASSERTIONS = NO;
				ENABLE_STRICT_OBJC_MSGSEND = YES;
				GCC_C_LANGUAGE_STANDARD = gnu11;
				GCC_NO_COMMON_BLOCKS = YES;
				GCC_WARN_64_TO_32_BIT_CONVERSION = YES;
				GCC_WARN_ABOUT_RETURN_TYPE = YES_ERROR;
				GCC_WARN_UNDECLARED_SELECTOR = YES;
				GCC_WARN_UNINITIALIZED_AUTOS = YES_AGGRESSIVE;
				GCC_WARN_UNUSED_FUNCTION = YES;
				GCC_WARN_UNUSED_VARIABLE = YES;
				IPHONEOS_DEPLOYMENT_TARGET = 11.1;
				MTL_ENABLE_DEBUG_INFO = NO;
				SDKROOT = iphoneos;
				SWIFT_OPTIMIZATION_LEVEL = "-Owholemodule";
				VALIDATE_PRODUCT = YES;
			};
			name = Release;
		};
		04D453EA1FFDABF6002AFC70 /* Debug */ = {
			isa = XCBuildConfiguration;
			baseConfigurationReference = 5F3F13EDF62DFD0C8C317287 /* Pods-KifAlertFailureDemo.debug.xcconfig */;
			buildSettings = {
				ASSETCATALOG_COMPILER_APPICON_NAME = AppIcon;
				CODE_SIGN_STYLE = Automatic;
				DEVELOPMENT_TEAM = V9782N28G2;
				INFOPLIST_FILE = KifAlertFailureDemo/Info.plist;
				LD_RUNPATH_SEARCH_PATHS = "$(inherited) @executable_path/Frameworks";
				PRODUCT_BUNDLE_IDENTIFIER = com.capitalone.KifAlertFailureDemo;
				PRODUCT_NAME = "$(TARGET_NAME)";
				SWIFT_VERSION = 4.0;
				TARGETED_DEVICE_FAMILY = "1,2";
			};
			name = Debug;
		};
		04D453EB1FFDABF6002AFC70 /* Release */ = {
			isa = XCBuildConfiguration;
			baseConfigurationReference = 5E887234BF11AA052702BC3D /* Pods-KifAlertFailureDemo.release.xcconfig */;
			buildSettings = {
				ASSETCATALOG_COMPILER_APPICON_NAME = AppIcon;
				CODE_SIGN_STYLE = Automatic;
				DEVELOPMENT_TEAM = V9782N28G2;
				INFOPLIST_FILE = KifAlertFailureDemo/Info.plist;
				LD_RUNPATH_SEARCH_PATHS = "$(inherited) @executable_path/Frameworks";
				PRODUCT_BUNDLE_IDENTIFIER = com.capitalone.KifAlertFailureDemo;
				PRODUCT_NAME = "$(TARGET_NAME)";
				SWIFT_VERSION = 4.0;
				TARGETED_DEVICE_FAMILY = "1,2";
			};
			name = Release;
		};
		04D453ED1FFDABF6002AFC70 /* Debug */ = {
			isa = XCBuildConfiguration;
			baseConfigurationReference = 9E88258E1C15ABEC0343D134 /* Pods-KifAlertFailureDemoTests.debug.xcconfig */;
			buildSettings = {
				ALWAYS_EMBED_SWIFT_STANDARD_LIBRARIES = YES;
				BUNDLE_LOADER = "$(TEST_HOST)";
				CODE_SIGN_STYLE = Automatic;
				DEVELOPMENT_TEAM = V9782N28G2;
				INFOPLIST_FILE = KifAlertFailureDemoTests/Info.plist;
				LD_RUNPATH_SEARCH_PATHS = "$(inherited) @executable_path/Frameworks @loader_path/Frameworks";
				PRODUCT_BUNDLE_IDENTIFIER = com.capitalone.KifAlertFailureDemoTests;
				PRODUCT_NAME = "$(TARGET_NAME)";
				SWIFT_OBJC_BRIDGING_HEADER = "KifAlertFailureDemoTests/KifAlertFailureDemoTests-Bridging-Header.h";
				SWIFT_VERSION = 4.0;
				TARGETED_DEVICE_FAMILY = "1,2";
				TEST_HOST = "$(BUILT_PRODUCTS_DIR)/KifAlertFailureDemo.app/KifAlertFailureDemo";
			};
			name = Debug;
		};
		04D453EE1FFDABF6002AFC70 /* Release */ = {
			isa = XCBuildConfiguration;
			baseConfigurationReference = 4382730FB6D5B297118363FE /* Pods-KifAlertFailureDemoTests.release.xcconfig */;
			buildSettings = {
				ALWAYS_EMBED_SWIFT_STANDARD_LIBRARIES = YES;
				BUNDLE_LOADER = "$(TEST_HOST)";
				CODE_SIGN_STYLE = Automatic;
				DEVELOPMENT_TEAM = V9782N28G2;
				INFOPLIST_FILE = KifAlertFailureDemoTests/Info.plist;
				LD_RUNPATH_SEARCH_PATHS = "$(inherited) @executable_path/Frameworks @loader_path/Frameworks";
				PRODUCT_BUNDLE_IDENTIFIER = com.capitalone.KifAlertFailureDemoTests;
				PRODUCT_NAME = "$(TARGET_NAME)";
				SWIFT_OBJC_BRIDGING_HEADER = "KifAlertFailureDemoTests/KifAlertFailureDemoTests-Bridging-Header.h";
				SWIFT_VERSION = 4.0;
				TARGETED_DEVICE_FAMILY = "1,2";
				TEST_HOST = "$(BUILT_PRODUCTS_DIR)/KifAlertFailureDemo.app/KifAlertFailureDemo";
			};
			name = Release;
		};
/* End XCBuildConfiguration section */

/* Begin XCConfigurationList section */
		04D453C71FFDABF6002AFC70 /* Build configuration list for PBXProject "KifAlertFailureDemo" */ = {
			isa = XCConfigurationList;
			buildConfigurations = (
				04D453E71FFDABF6002AFC70 /* Debug */,
				04D453E81FFDABF6002AFC70 /* Release */,
			);
			defaultConfigurationIsVisible = 0;
			defaultConfigurationName = Release;
		};
		04D453E91FFDABF6002AFC70 /* Build configuration list for PBXNativeTarget "KifAlertFailureDemo" */ = {
			isa = XCConfigurationList;
			buildConfigurations = (
				04D453EA1FFDABF6002AFC70 /* Debug */,
				04D453EB1FFDABF6002AFC70 /* Release */,
			);
			defaultConfigurationIsVisible = 0;
			defaultConfigurationName = Release;
		};
		04D453EC1FFDABF6002AFC70 /* Build configuration list for PBXNativeTarget "KifAlertFailureDemoTests" */ = {
			isa = XCConfigurationList;
			buildConfigurations = (
				04D453ED1FFDABF6002AFC70 /* Debug */,
				04D453EE1FFDABF6002AFC70 /* Release */,
			);
			defaultConfigurationIsVisible = 0;
			defaultConfigurationName = Release;
		};
/* End XCConfigurationList section */
	};
	rootObject = 04D453C41FFDABF6002AFC70 /* Project object */;
}
